
Microsoft Visual Studio Solution File, Format Version 12.00
# Visual Studio 15
VisualStudioVersion = 15.0.28307.421
MinimumVisualStudioVersion = 10.0.40219.1
Project("{FAE04EC0-301F-11D3-BF4B-00C04F79EFBC}") = "MyWinApp", "MyWinApp\MyWinApp.csproj", "{3C798ACA-71C6-44EC-BCB4-18AD20056CF6}"
EndProject
Global
	GlobalSection(SolutionConfigurationPlatforms) = preSolution
		Debug|Any CPU = Debug|Any CPU
		Release|Any CPU = Release|Any CPU
	EndGlobalSection
	GlobalSection(ProjectConfigurationPlatforms) = postSolution
		{3C798ACA-71C6-44EC-BCB4-18AD20056CF6}.Debug|Any CPU.ActiveCfg = Debug|Any CPU
		{3C798ACA-71C6-44EC-BCB4-18AD20056CF6}.Debug|Any CPU.Build.0 = Debug|Any CPU
		{3C798ACA-71C6-44EC-BCB4-18AD20056CF6}.Release|Any CPU.ActiveCfg = Release|Any CPU
		{3C798ACA-71C6-44EC-BCB4-18AD20056CF6}.Release|Any CPU.Build.0 = Release|Any CPU
	EndGlobalSection
	GlobalSection(SolutionProperties) = preSolution
		HideSolutionNode = FALSE
	EndGlobalSection
	GlobalSection(ExtensibilityGlobals) = postSolution
		SolutionGuid = {300C6D76-5AD7-40CE-8A42-F4A9E48DC5BD}
	EndGlobalSection
EndGlobal
